
Microsoft Visual Studio Solution File, Format Version 12.00
# Visual Studio Version 16
VisualStudioVersion = 16.0.31105.61
MinimumVisualStudioVersion = 10.0.40219.1
Project("{8BC9CEB8-8B4A-11D0-8D11-00A0C91BC942}") = "tp3", "tp3\tp3.vcxproj", "{E397C5B8-2D92-4E8E-B84E-A5AFCB730991}"
EndProject
Global
	GlobalSection(SolutionConfigurationPlatforms) = preSolution
		Debug|x64 = Debug|x64
		Debug|x86 = Debug|x86
		Release|x64 = Release|x64
		Release|x86 = Release|x86
	EndGlobalSection
	GlobalSection(ProjectConfigurationPlatforms) = postSolution
		{E397C5B8-2D92-4E8E-B84E-A5AFCB730991}.Debug|x64.ActiveCfg = Debug|x64
		{E397C5B8-2D92-4E8E-B84E-A5AFCB730991}.Debug|x64.Build.0 = Debug|x64
		{E397C5B8-2D92-4E8E-B84E-A5AFCB730991}.Debug|x86.ActiveCfg = Debug|Win32
		{E397C5B8-2D92-4E8E-B84E-A5AFCB730991}.Debug|x86.Build.0 = Debug|Win32
		{E397C5B8-2D92-4E8E-B84E-A5AFCB730991}.Release|x64.ActiveCfg = Release|x64
		{E397C5B8-2D92-4E8E-B84E-A5AFCB730991}.Release|x64.Build.0 = Release|x64
		{E397C5B8-2D92-4E8E-B84E-A5AFCB730991}.Release|x86.ActiveCfg = Release|Win32
		{E397C5B8-2D92-4E8E-B84E-A5AFCB730991}.Release|x86.Build.0 = Release|Win32
	EndGlobalSection
	GlobalSection(SolutionProperties) = preSolution
		HideSolutionNode = FALSE
	EndGlobalSection
	GlobalSection(ExtensibilityGlobals) = postSolution
		SolutionGuid = {859C3D9D-FC86-45C6-9DCD-F7FCD6E53D53}
	EndGlobalSection
EndGlobal
